// !$*UTF8*$!
{
	archiveVersion = 1;
	classes = {
	};
	objectVersion = 46;
	objects = {

/* Begin PBXBuildFile section */
		8334B5D519EFF12900D78AEA /* main.m in Sources */ = {isa = PBXBuildFile; fileRef = 8334B5D419EFF12900D78AEA /* main.m */; };
		8334B5DD19EFF1EE00D78AEA /* Children.m in Sources */ = {isa = PBXBuildFile; fileRef = 8334B5DC19EFF1EE00D78AEA /* Children.m */; };
		8334B5E319EFF20A00D78AEA /* Nure.m in Sources */ = {isa = PBXBuildFile; fileRef = 8334B5E219EFF20A00D78AEA /* Nure.m */; };
		833C26CA1A3C7B9D00BA61C9 /* demo.m in Sources */ = {isa = PBXBuildFile; fileRef = 833C26C91A3C7B9D00BA61C9 /* demo.m */; };
/* End PBXBuildFile section */

/* Begin PBXCopyFilesBuildPhase section */
		8334B5CF19EFF12900D78AEA /* CopyFiles */ = {
			isa = PBXCopyFilesBuildPhase;
			buildActionMask = 2147483647;
			dstPath = /usr/share/man/man1/;
			dstSubfolderSpec = 0;
			files = (
			);
			runOnlyForDeploymentPostprocessing = 1;
		};
/* End PBXCopyFilesBuildPhase section */

/* Begin PBXFileReference section */
		8334B5D119EFF12900D78AEA /* 44_KVO */ = {isa = PBXFileReference; explicitFileType = "compiled.mach-o.executable"; includeInIndex = 0; path = 44_KVO; sourceTree = BUILT_PRODUCTS_DIR; };
		8334B5D419EFF12900D78AEA /* main.m */ = {isa = PBXFileReference; lastKnownFileType = sourcecode.c.objc; path = main.m; sourceTree = "<group>"; };
		8334B5DB19EFF1EE00D78AEA /* Children.h */ = {isa = PBXFileReference; fileEncoding = 4; lastKnownFileType = sourcecode.c.h; path = Children.h; sourceTree = "<group>"; };
		8334B5DC19EFF1EE00D78AEA /* Children.m */ = {isa = PBXFileReference; fileEncoding = 4; lastKnownFileType = sourcecode.c.objc; path = Children.m; sourceTree = "<group>"; };
		8334B5E119EFF20A00D78AEA /* Nure.h */ = {isa = PBXFileReference; fileEncoding = 4; lastKnownFileType = sourcecode.c.h; path = Nure.h; sourceTree = "<group>"; };
		8334B5E219EFF20A00D78AEA /* Nure.m */ = {isa = PBXFileReference; fileEncoding = 4; lastKnownFileType = sourcecode.c.objc; path = Nure.m; sourceTree = "<group>"; };
		833C26C81A3C7B9D00BA61C9 /* demo.h */ = {isa = PBXFileReference; fileEncoding = 4; lastKnownFileType = sourcecode.c.h; path = demo.h; sourceTree = "<group>"; };
		833C26C91A3C7B9D00BA61C9 /* demo.m */ = {isa = PBXFileReference; fileEncoding = 4; lastKnownFileType = sourcecode.c.objc; path = demo.m; sourceTree = "<group>"; };
/* End PBXFileReference section */

/* Begin PBXFrameworksBuildPhase section */
		8334B5CE19EFF12900D78AEA /* Frameworks */ = {
			isa = PBXFrameworksBuildPhase;
			buildActionMask = 2147483647;
			files = (
			);
			runOnlyForDeploymentPostprocessing = 0;
		};
/* End PBXFrameworksBuildPhase section */

/* Begin PBXGroup section */
		8334B5C819EFF12900D78AEA = {
			isa = PBXGroup;
			children = (
				8334B5D319EFF12900D78AEA /* 44_KVO */,
				8334B5D219EFF12900D78AEA /* Products */,
			);
			sourceTree = "<group>";
		};
		8334B5D219EFF12900D78AEA /* Products */ = {
			isa = PBXGroup;
			children = (
				8334B5D119EFF12900D78AEA /* 44_KVO */,
			);
			name = Products;
			sourceTree = "<group>";
		};
		8334B5D319EFF12900D78AEA /* 44_KVO */ = {
			isa = PBXGroup;
			children = (
				8334B5D419EFF12900D78AEA /* main.m */,
				8334B5DB19EFF1EE00D78AEA /* Children.h */,
				8334B5DC19EFF1EE00D78AEA /* Children.m */,
				8334B5E119EFF20A00D78AEA /* Nure.h */,
				8334B5E219EFF20A00D78AEA /* Nure.m */,
				833C26C81A3C7B9D00BA61C9 /* demo.h */,
				833C26C91A3C7B9D00BA61C9 /* demo.m */,
			);
			path = 44_KVO;
			sourceTree = "<group>";
		};
/* End PBXGroup section */

/* Begin PBXNativeTarget section */
		8334B5D019EFF12900D78AEA /* 44_KVO */ = {
			isa = PBXNativeTarget;
			buildConfigurationList = 8334B5D819EFF12900D78AEA /* Build configuration list for PBXNativeTarget "44_KVO" */;
			buildPhases = (
				8334B5CD19EFF12900D78AEA /* Sources */,
				8334B5CE19EFF12900D78AEA /* Frameworks */,
				8334B5CF19EFF12900D78AEA /* CopyFiles */,
			);
			buildRules = (
			);
			dependencies = (
			);
			name = 44_KVO;
			productName = 44_KVO;
			productReference = 8334B5D119EFF12900D78AEA /* 44_KVO */;
			productType = "com.apple.product-type.tool";
		};
/* End PBXNativeTarget section */

/* Begin PBXProject section */
		8334B5C919EFF12900D78AEA /* Project object */ = {
			isa = PBXProject;
			attributes = {
				LastUpgradeCheck = 0600;
				ORGANIZATIONNAME = jiangwei;
				TargetAttributes = {
					8334B5D019EFF12900D78AEA = {
						CreatedOnToolsVersion = 6.0;
					};
				};
			};
			buildConfigurationList = 8334B5CC19EFF12900D78AEA /* Build configuration list for PBXProject "44_KVO" */;
			compatibilityVersion = "Xcode 3.2";
			developmentRegion = English;
			hasScannedForEncodings = 0;
			knownRegions = (
				en,
			);
			mainGroup = 8334B5C819EFF12900D78AEA;
			productRefGroup = 8334B5D219EFF12900D78AEA /* Products */;
			projectDirPath = "";
			projectRoot = "";
			targets = (
				8334B5D019EFF12900D78AEA /* 44_KVO */,
			);
		};
/* End PBXProject section */

/* Begin PBXSourcesBuildPhase section */
		8334B5CD19EFF12900D78AEA /* Sources */ = {
			isa = PBXSourcesBuildPhase;
			buildActionMask = 2147483647;
			files = (
				8334B5DD19EFF1EE00D78AEA /* Children.m in Sources */,
				8334B5D519EFF12900D78AEA /* main.m in Sources */,
				833C26CA1A3C7B9D00BA61C9 /* demo.m in Sources */,
				8334B5E319EFF20A00D78AEA /* Nure.m in Sources */,
			);
			runOnlyForDeploymentPostprocessing = 0;
		};
/* End PBXSourcesBuildPhase section */

/* Begin XCBuildConfiguration section */
		8334B5D619EFF12900D78AEA /* Debug */ = {
			isa = XCBuildConfiguration;
			buildSettings = {
				ALWAYS_SEARCH_USER_PATHS = NO;
				CLANG_CXX_LANGUAGE_STANDARD = "gnu++0x";
				CLANG_CXX_LIBRARY = "libc++";
				CLANG_ENABLE_MODULES = YES;
				CLANG_ENABLE_OBJC_ARC = YES;
				CLANG_WARN_BOOL_CONVERSION = YES;
				CLANG_WARN_CONSTANT_CONVERSION = YES;
				CLANG_WARN_DIRECT_OBJC_ISA_USAGE = YES_ERROR;
				CLANG_WARN_EMPTY_BODY = YES;
				CLANG_WARN_ENUM_CONVERSION = YES;
				CLANG_WARN_INT_CONVERSION = YES;
				CLANG_WARN_OBJC_ROOT_CLASS = YES_ERROR;
				CLANG_WARN_UNREACHABLE_CODE = YES;
				CLANG_WARN__DUPLICATE_METHOD_MATCH = YES;
				COPY_PHASE_STRIP = NO;
				ENABLE_STRICT_OBJC_MSGSEND = YES;
				GCC_C_LANGUAGE_STANDARD = gnu99;
				GCC_DYNAMIC_NO_PIC = NO;
				GCC_OPTIMIZATION_LEVEL = 0;
				GCC_PREPROCESSOR_DEFINITIONS = (
					"DEBUG=1",
					"$(inherited)",
				);
				GCC_SYMBOLS_PRIVATE_EXTERN = NO;
				GCC_WARN_64_TO_32_BIT_CONVERSION = YES;
				GCC_WARN_ABOUT_RETURN_TYPE = YES_ERROR;
				GCC_WARN_UNDECLARED_SELECTOR = YES;
				GCC_WARN_UNINITIALIZED_AUTOS = YES_AGGRESSIVE;
				GCC_WARN_UNUSED_FUNCTION = YES;
				GCC_WARN_UNUSED_VARIABLE = YES;
				MACOSX_DEPLOYMENT_TARGET = 10.9;
				METAL_ENABLE_DEBUG_INFO = YES;
				ONLY_ACTIVE_ARCH = YES;
				SDKROOT = macosx;
			};
			name = Debug;
		};
		8334B5D719EFF12900D78AEA /* Release */ = {
			isa = XCBuildConfiguration;
			buildSettings = {
				ALWAYS_SEARCH_USER_PATHS = NO;
				CLANG_CXX_LANGUAGE_STANDARD = "gnu++0x";
				CLANG_CXX_LIBRARY = "libc++";
				CLANG_ENABLE_MODULES = YES;
				CLANG_ENABLE_OBJC_ARC = YES;
				CLANG_WARN_BOOL_CONVERSION = YES;
				CLANG_WARN_CONSTANT_CONVERSION = YES;
				CLANG_WARN_DIRECT_OBJC_ISA_USAGE = YES_ERROR;
				CLANG_WARN_EMPTY_BODY = YES;
				CLANG_WARN_ENUM_CONVERSION = YES;
				CLANG_WARN_INT_CONVERSION = YES;
				CLANG_WARN_OBJC_ROOT_CLASS = YES_ERROR;
				CLANG_WARN_UNREACHABLE_CODE = YES;
				CLANG_WARN__DUPLICATE_METHOD_MATCH = YES;
				COPY_PHASE_STRIP = YES;
				DEBUG_INFORMATION_FORMAT = "dwarf-with-dsym";
				ENABLE_NS_ASSERTIONS = NO;
				ENABLE_STRICT_OBJC_MSGSEND = YES;
				GCC_C_LANGUAGE_STANDARD = gnu99;
				GCC_WARN_64_TO_32_BIT_CONVERSION = YES;
				GCC_WARN_ABOUT_RETURN_TYPE = YES_ERROR;
				GCC_WARN_UNDECLARED_SELECTOR = YES;
				GCC_WARN_UNINITIALIZED_AUTOS = YES_AGGRESSIVE;
				GCC_WARN_UNUSED_FUNCTION = YES;
				GCC_WARN_UNUSED_VARIABLE = YES;
				MACOSX_DEPLOYMENT_TARGET = 10.9;
				METAL_ENABLE_DEBUG_INFO = NO;
				SDKROOT = macosx;
			};
			name = Release;
		};
		8334B5D919EFF12900D78AEA /* Debug */ = {
			isa = XCBuildConfiguration;
			buildSettings = {
				PRODUCT_NAME = "$(TARGET_NAME)";
			};
			name = Debug;
		};
		8334B5DA19EFF12900D78AEA /* Release */ = {
			isa = XCBuildConfiguration;
			buildSettings = {
				PRODUCT_NAME = "$(TARGET_NAME)";
			};
			name = Release;
		};
/* End XCBuildConfiguration section */

/* Begin XCConfigurationList section */
		8334B5CC19EFF12900D78AEA /* Build configuration list for PBXProject "44_KVO" */ = {
			isa = XCConfigurationList;
			buildConfigurations = (
				8334B5D619EFF12900D78AEA /* Debug */,
				8334B5D719EFF12900D78AEA /* Release */,
			);
			defaultConfigurationIsVisible = 0;
			defaultConfigurationName = Release;
		};
		8334B5D819EFF12900D78AEA /* Build configuration list for PBXNativeTarget "44_KVO" */ = {
			isa = XCConfigurationList;
			buildConfigurations = (
				8334B5D919EFF12900D78AEA /* Debug */,
				8334B5DA19EFF12900D78AEA /* Release */,
			);
			defaultConfigurationIsVisible = 0;
			defaultConfigurationName = Release;
		};
/* End XCConfigurationList section */
	};
	rootObject = 8334B5C919EFF12900D78AEA /* Project object */;
}
