// !$*UTF8*$!
{
	archiveVersion = 1;
	classes = {
	};
	objectVersion = 46;
	objects = {

/* Begin PBXBuildFile section */
		8334B60A19F203D700D78AEA /* main.m in Sources */ = {isa = PBXBuildFile; fileRef = 8334B60919F203D700D78AEA /* main.m */; };
		8334B61219F2042F00D78AEA /* Person.m in Sources */ = {isa = PBXBuildFile; fileRef = 8334B61119F2042F00D78AEA /* Person.m */; };
/* End PBXBuildFile section */

/* Begin PBXCopyFilesBuildPhase section */
		8334B60419F203D700D78AEA /* CopyFiles */ = {
			isa = PBXCopyFilesBuildPhase;
			buildActionMask = 2147483647;
			dstPath = /usr/share/man/man1/;
			dstSubfolderSpec = 0;
			files = (
			);
			runOnlyForDeploymentPostprocessing = 1;
		};
/* End PBXCopyFilesBuildPhase section */

/* Begin PBXFileReference section */
		8334B60619F203D700D78AEA /* 46_NSPredicate */ = {isa = PBXFileReference; explicitFileType = "compiled.mach-o.executable"; includeInIndex = 0; path = 46_NSPredicate; sourceTree = BUILT_PRODUCTS_DIR; };
		8334B60919F203D700D78AEA /* main.m */ = {isa = PBXFileReference; lastKnownFileType = sourcecode.c.objc; path = main.m; sourceTree = "<group>"; };
		8334B61019F2042F00D78AEA /* Person.h */ = {isa = PBXFileReference; fileEncoding = 4; lastKnownFileType = sourcecode.c.h; path = Person.h; sourceTree = "<group>"; };
		8334B61119F2042F00D78AEA /* Person.m */ = {isa = PBXFileReference; fileEncoding = 4; lastKnownFileType = sourcecode.c.objc; path = Person.m; sourceTree = "<group>"; };
/* End PBXFileReference section */

/* Begin PBXFrameworksBuildPhase section */
		8334B60319F203D700D78AEA /* Frameworks */ = {
			isa = PBXFrameworksBuildPhase;
			buildActionMask = 2147483647;
			files = (
			);
			runOnlyForDeploymentPostprocessing = 0;
		};
/* End PBXFrameworksBuildPhase section */

/* Begin PBXGroup section */
		8334B5FD19F203D700D78AEA = {
			isa = PBXGroup;
			children = (
				8334B60819F203D700D78AEA /* 46_NSPredicate */,
				8334B60719F203D700D78AEA /* Products */,
			);
			sourceTree = "<group>";
		};
		8334B60719F203D700D78AEA /* Products */ = {
			isa = PBXGroup;
			children = (
				8334B60619F203D700D78AEA /* 46_NSPredicate */,
			);
			name = Products;
			sourceTree = "<group>";
		};
		8334B60819F203D700D78AEA /* 46_NSPredicate */ = {
			isa = PBXGroup;
			children = (
				8334B60919F203D700D78AEA /* main.m */,
				8334B61019F2042F00D78AEA /* Person.h */,
				8334B61119F2042F00D78AEA /* Person.m */,
			);
			path = 46_NSPredicate;
			sourceTree = "<group>";
		};
/* End PBXGroup section */

/* Begin PBXNativeTarget section */
		8334B60519F203D700D78AEA /* 46_NSPredicate */ = {
			isa = PBXNativeTarget;
			buildConfigurationList = 8334B60D19F203D700D78AEA /* Build configuration list for PBXNativeTarget "46_NSPredicate" */;
			buildPhases = (
				8334B60219F203D700D78AEA /* Sources */,
				8334B60319F203D700D78AEA /* Frameworks */,
				8334B60419F203D700D78AEA /* CopyFiles */,
			);
			buildRules = (
			);
			dependencies = (
			);
			name = 46_NSPredicate;
			productName = 46_NSPredicate;
			productReference = 8334B60619F203D700D78AEA /* 46_NSPredicate */;
			productType = "com.apple.product-type.tool";
		};
/* End PBXNativeTarget section */

/* Begin PBXProject section */
		8334B5FE19F203D700D78AEA /* Project object */ = {
			isa = PBXProject;
			attributes = {
				LastUpgradeCheck = 0600;
				ORGANIZATIONNAME = jiangwei;
				TargetAttributes = {
					8334B60519F203D700D78AEA = {
						CreatedOnToolsVersion = 6.0;
					};
				};
			};
			buildConfigurationList = 8334B60119F203D700D78AEA /* Build configuration list for PBXProject "46_NSPredicate" */;
			compatibilityVersion = "Xcode 3.2";
			developmentRegion = English;
			hasScannedForEncodings = 0;
			knownRegions = (
				en,
			);
			mainGroup = 8334B5FD19F203D700D78AEA;
			productRefGroup = 8334B60719F203D700D78AEA /* Products */;
			projectDirPath = "";
			projectRoot = "";
			targets = (
				8334B60519F203D700D78AEA /* 46_NSPredicate */,
			);
		};
/* End PBXProject section */

/* Begin PBXSourcesBuildPhase section */
		8334B60219F203D700D78AEA /* Sources */ = {
			isa = PBXSourcesBuildPhase;
			buildActionMask = 2147483647;
			files = (
				8334B61219F2042F00D78AEA /* Person.m in Sources */,
				8334B60A19F203D700D78AEA /* main.m in Sources */,
			);
			runOnlyForDeploymentPostprocessing = 0;
		};
/* End PBXSourcesBuildPhase section */

/* Begin XCBuildConfiguration section */
		8334B60B19F203D700D78AEA /* Debug */ = {
			isa = XCBuildConfiguration;
			buildSettings = {
				ALWAYS_SEARCH_USER_PATHS = NO;
				CLANG_CXX_LANGUAGE_STANDARD = "gnu++0x";
				CLANG_CXX_LIBRARY = "libc++";
				CLANG_ENABLE_MODULES = YES;
				CLANG_ENABLE_OBJC_ARC = YES;
				CLANG_WARN_BOOL_CONVERSION = YES;
				CLANG_WARN_CONSTANT_CONVERSION = YES;
				CLANG_WARN_DIRECT_OBJC_ISA_USAGE = YES_ERROR;
				CLANG_WARN_EMPTY_BODY = YES;
				CLANG_WARN_ENUM_CONVERSION = YES;
				CLANG_WARN_INT_CONVERSION = YES;
				CLANG_WARN_OBJC_ROOT_CLASS = YES_ERROR;
				CLANG_WARN_UNREACHABLE_CODE = YES;
				CLANG_WARN__DUPLICATE_METHOD_MATCH = YES;
				COPY_PHASE_STRIP = NO;
				ENABLE_STRICT_OBJC_MSGSEND = YES;
				GCC_C_LANGUAGE_STANDARD = gnu99;
				GCC_DYNAMIC_NO_PIC = NO;
				GCC_OPTIMIZATION_LEVEL = 0;
				GCC_PREPROCESSOR_DEFINITIONS = (
					"DEBUG=1",
					"$(inherited)",
				);
				GCC_SYMBOLS_PRIVATE_EXTERN = NO;
				GCC_WARN_64_TO_32_BIT_CONVERSION = YES;
				GCC_WARN_ABOUT_RETURN_TYPE = YES_ERROR;
				GCC_WARN_UNDECLARED_SELECTOR = YES;
				GCC_WARN_UNINITIALIZED_AUTOS = YES_AGGRESSIVE;
				GCC_WARN_UNUSED_FUNCTION = YES;
				GCC_WARN_UNUSED_VARIABLE = YES;
				MACOSX_DEPLOYMENT_TARGET = 10.9;
				METAL_ENABLE_DEBUG_INFO = YES;
				ONLY_ACTIVE_ARCH = YES;
				SDKROOT = macosx;
			};
			name = Debug;
		};
		8334B60C19F203D700D78AEA /* Release */ = {
			isa = XCBuildConfiguration;
			buildSettings = {
				ALWAYS_SEARCH_USER_PATHS = NO;
				CLANG_CXX_LANGUAGE_STANDARD = "gnu++0x";
				CLANG_CXX_LIBRARY = "libc++";
				CLANG_ENABLE_MODULES = YES;
				CLANG_ENABLE_OBJC_ARC = YES;
				CLANG_WARN_BOOL_CONVERSION = YES;
				CLANG_WARN_CONSTANT_CONVERSION = YES;
				CLANG_WARN_DIRECT_OBJC_ISA_USAGE = YES_ERROR;
				CLANG_WARN_EMPTY_BODY = YES;
				CLANG_WARN_ENUM_CONVERSION = YES;
				CLANG_WARN_INT_CONVERSION = YES;
				CLANG_WARN_OBJC_ROOT_CLASS = YES_ERROR;
				CLANG_WARN_UNREACHABLE_CODE = YES;
				CLANG_WARN__DUPLICATE_METHOD_MATCH = YES;
				COPY_PHASE_STRIP = YES;
				DEBUG_INFORMATION_FORMAT = "dwarf-with-dsym";
				ENABLE_NS_ASSERTIONS = NO;
				ENABLE_STRICT_OBJC_MSGSEND = YES;
				GCC_C_LANGUAGE_STANDARD = gnu99;
				GCC_WARN_64_TO_32_BIT_CONVERSION = YES;
				GCC_WARN_ABOUT_RETURN_TYPE = YES_ERROR;
				GCC_WARN_UNDECLARED_SELECTOR = YES;
				GCC_WARN_UNINITIALIZED_AUTOS = YES_AGGRESSIVE;
				GCC_WARN_UNUSED_FUNCTION = YES;
				GCC_WARN_UNUSED_VARIABLE = YES;
				MACOSX_DEPLOYMENT_TARGET = 10.9;
				METAL_ENABLE_DEBUG_INFO = NO;
				SDKROOT = macosx;
			};
			name = Release;
		};
		8334B60E19F203D700D78AEA /* Debug */ = {
			isa = XCBuildConfiguration;
			buildSettings = {
				PRODUCT_NAME = "$(TARGET_NAME)";
			};
			name = Debug;
		};
		8334B60F19F203D700D78AEA /* Release */ = {
			isa = XCBuildConfiguration;
			buildSettings = {
				PRODUCT_NAME = "$(TARGET_NAME)";
			};
			name = Release;
		};
/* End XCBuildConfiguration section */

/* Begin XCConfigurationList section */
		8334B60119F203D700D78AEA /* Build configuration list for PBXProject "46_NSPredicate" */ = {
			isa = XCConfigurationList;
			buildConfigurations = (
				8334B60B19F203D700D78AEA /* Debug */,
				8334B60C19F203D700D78AEA /* Release */,
			);
			defaultConfigurationIsVisible = 0;
			defaultConfigurationName = Release;
		};
		8334B60D19F203D700D78AEA /* Build configuration list for PBXNativeTarget "46_NSPredicate" */ = {
			isa = XCConfigurationList;
			buildConfigurations = (
				8334B60E19F203D700D78AEA /* Debug */,
				8334B60F19F203D700D78AEA /* Release */,
			);
			defaultConfigurationIsVisible = 0;
			defaultConfigurationName = Release;
		};
/* End XCConfigurationList section */
	};
	rootObject = 8334B5FE19F203D700D78AEA /* Project object */;
}
