// !$*UTF8*$!
{
	archiveVersion = 1;
	classes = {
	};
	objectVersion = 46;
	objects = {

/* Begin PBXBuildFile section */
		831351CF19EBB4CE000D6FFC /* main.m in Sources */ = {isa = PBXBuildFile; fileRef = 831351CE19EBB4CE000D6FFC /* main.m */; };
		831351D719EBB5D9000D6FFC /* AdressBook.m in Sources */ = {isa = PBXBuildFile; fileRef = 831351D619EBB5D9000D6FFC /* AdressBook.m */; };
/* End PBXBuildFile section */

/* Begin PBXCopyFilesBuildPhase section */
		831351C919EBB4CE000D6FFC /* CopyFiles */ = {
			isa = PBXCopyFilesBuildPhase;
			buildActionMask = 2147483647;
			dstPath = /usr/share/man/man1/;
			dstSubfolderSpec = 0;
			files = (
			);
			runOnlyForDeploymentPostprocessing = 1;
		};
/* End PBXCopyFilesBuildPhase section */

/* Begin PBXFileReference section */
		831351CB19EBB4CE000D6FFC /* 35_Singleton */ = {isa = PBXFileReference; explicitFileType = "compiled.mach-o.executable"; includeInIndex = 0; path = 35_Singleton; sourceTree = BUILT_PRODUCTS_DIR; };
		831351CE19EBB4CE000D6FFC /* main.m */ = {isa = PBXFileReference; lastKnownFileType = sourcecode.c.objc; path = main.m; sourceTree = "<group>"; };
		831351D519EBB5D9000D6FFC /* AdressBook.h */ = {isa = PBXFileReference; fileEncoding = 4; lastKnownFileType = sourcecode.c.h; path = AdressBook.h; sourceTree = "<group>"; };
		831351D619EBB5D9000D6FFC /* AdressBook.m */ = {isa = PBXFileReference; fileEncoding = 4; lastKnownFileType = sourcecode.c.objc; path = AdressBook.m; sourceTree = "<group>"; };
/* End PBXFileReference section */

/* Begin PBXFrameworksBuildPhase section */
		831351C819EBB4CE000D6FFC /* Frameworks */ = {
			isa = PBXFrameworksBuildPhase;
			buildActionMask = 2147483647;
			files = (
			);
			runOnlyForDeploymentPostprocessing = 0;
		};
/* End PBXFrameworksBuildPhase section */

/* Begin PBXGroup section */
		831351C219EBB4CE000D6FFC = {
			isa = PBXGroup;
			children = (
				831351CD19EBB4CE000D6FFC /* 35_Singleton */,
				831351CC19EBB4CE000D6FFC /* Products */,
			);
			sourceTree = "<group>";
		};
		831351CC19EBB4CE000D6FFC /* Products */ = {
			isa = PBXGroup;
			children = (
				831351CB19EBB4CE000D6FFC /* 35_Singleton */,
			);
			name = Products;
			sourceTree = "<group>";
		};
		831351CD19EBB4CE000D6FFC /* 35_Singleton */ = {
			isa = PBXGroup;
			children = (
				831351CE19EBB4CE000D6FFC /* main.m */,
				831351D519EBB5D9000D6FFC /* AdressBook.h */,
				831351D619EBB5D9000D6FFC /* AdressBook.m */,
			);
			path = 35_Singleton;
			sourceTree = "<group>";
		};
/* End PBXGroup section */

/* Begin PBXNativeTarget section */
		831351CA19EBB4CE000D6FFC /* 35_Singleton */ = {
			isa = PBXNativeTarget;
			buildConfigurationList = 831351D219EBB4CE000D6FFC /* Build configuration list for PBXNativeTarget "35_Singleton" */;
			buildPhases = (
				831351C719EBB4CE000D6FFC /* Sources */,
				831351C819EBB4CE000D6FFC /* Frameworks */,
				831351C919EBB4CE000D6FFC /* CopyFiles */,
			);
			buildRules = (
			);
			dependencies = (
			);
			name = 35_Singleton;
			productName = 35_Singleton;
			productReference = 831351CB19EBB4CE000D6FFC /* 35_Singleton */;
			productType = "com.apple.product-type.tool";
		};
/* End PBXNativeTarget section */

/* Begin PBXProject section */
		831351C319EBB4CE000D6FFC /* Project object */ = {
			isa = PBXProject;
			attributes = {
				LastUpgradeCheck = 0600;
				ORGANIZATIONNAME = jiangwei;
				TargetAttributes = {
					831351CA19EBB4CE000D6FFC = {
						CreatedOnToolsVersion = 6.0;
					};
				};
			};
			buildConfigurationList = 831351C619EBB4CE000D6FFC /* Build configuration list for PBXProject "35_Singleton" */;
			compatibilityVersion = "Xcode 3.2";
			developmentRegion = English;
			hasScannedForEncodings = 0;
			knownRegions = (
				en,
			);
			mainGroup = 831351C219EBB4CE000D6FFC;
			productRefGroup = 831351CC19EBB4CE000D6FFC /* Products */;
			projectDirPath = "";
			projectRoot = "";
			targets = (
				831351CA19EBB4CE000D6FFC /* 35_Singleton */,
			);
		};
/* End PBXProject section */

/* Begin PBXSourcesBuildPhase section */
		831351C719EBB4CE000D6FFC /* Sources */ = {
			isa = PBXSourcesBuildPhase;
			buildActionMask = 2147483647;
			files = (
				831351D719EBB5D9000D6FFC /* AdressBook.m in Sources */,
				831351CF19EBB4CE000D6FFC /* main.m in Sources */,
			);
			runOnlyForDeploymentPostprocessing = 0;
		};
/* End PBXSourcesBuildPhase section */

/* Begin XCBuildConfiguration section */
		831351D019EBB4CE000D6FFC /* Debug */ = {
			isa = XCBuildConfiguration;
			buildSettings = {
				ALWAYS_SEARCH_USER_PATHS = NO;
				CLANG_CXX_LANGUAGE_STANDARD = "gnu++0x";
				CLANG_CXX_LIBRARY = "libc++";
				CLANG_ENABLE_MODULES = YES;
				CLANG_ENABLE_OBJC_ARC = NO;
				CLANG_WARN_BOOL_CONVERSION = YES;
				CLANG_WARN_CONSTANT_CONVERSION = YES;
				CLANG_WARN_DIRECT_OBJC_ISA_USAGE = YES_ERROR;
				CLANG_WARN_EMPTY_BODY = YES;
				CLANG_WARN_ENUM_CONVERSION = YES;
				CLANG_WARN_INT_CONVERSION = YES;
				CLANG_WARN_OBJC_ROOT_CLASS = YES_ERROR;
				CLANG_WARN_UNREACHABLE_CODE = YES;
				CLANG_WARN__DUPLICATE_METHOD_MATCH = YES;
				COPY_PHASE_STRIP = NO;
				ENABLE_STRICT_OBJC_MSGSEND = YES;
				GCC_C_LANGUAGE_STANDARD = gnu99;
				GCC_DYNAMIC_NO_PIC = NO;
				GCC_OPTIMIZATION_LEVEL = 0;
				GCC_PREPROCESSOR_DEFINITIONS = (
					"DEBUG=1",
					"$(inherited)",
				);
				GCC_SYMBOLS_PRIVATE_EXTERN = NO;
				GCC_WARN_64_TO_32_BIT_CONVERSION = YES;
				GCC_WARN_ABOUT_RETURN_TYPE = YES_ERROR;
				GCC_WARN_UNDECLARED_SELECTOR = YES;
				GCC_WARN_UNINITIALIZED_AUTOS = YES_AGGRESSIVE;
				GCC_WARN_UNUSED_FUNCTION = YES;
				GCC_WARN_UNUSED_VARIABLE = YES;
				MACOSX_DEPLOYMENT_TARGET = 10.9;
				METAL_ENABLE_DEBUG_INFO = YES;
				ONLY_ACTIVE_ARCH = YES;
				SDKROOT = macosx;
			};
			name = Debug;
		};
		831351D119EBB4CE000D6FFC /* Release */ = {
			isa = XCBuildConfiguration;
			buildSettings = {
				ALWAYS_SEARCH_USER_PATHS = NO;
				CLANG_CXX_LANGUAGE_STANDARD = "gnu++0x";
				CLANG_CXX_LIBRARY = "libc++";
				CLANG_ENABLE_MODULES = YES;
				CLANG_ENABLE_OBJC_ARC = NO;
				CLANG_WARN_BOOL_CONVERSION = YES;
				CLANG_WARN_CONSTANT_CONVERSION = YES;
				CLANG_WARN_DIRECT_OBJC_ISA_USAGE = YES_ERROR;
				CLANG_WARN_EMPTY_BODY = YES;
				CLANG_WARN_ENUM_CONVERSION = YES;
				CLANG_WARN_INT_CONVERSION = YES;
				CLANG_WARN_OBJC_ROOT_CLASS = YES_ERROR;
				CLANG_WARN_UNREACHABLE_CODE = YES;
				CLANG_WARN__DUPLICATE_METHOD_MATCH = YES;
				COPY_PHASE_STRIP = YES;
				DEBUG_INFORMATION_FORMAT = "dwarf-with-dsym";
				ENABLE_NS_ASSERTIONS = NO;
				ENABLE_STRICT_OBJC_MSGSEND = YES;
				GCC_C_LANGUAGE_STANDARD = gnu99;
				GCC_WARN_64_TO_32_BIT_CONVERSION = YES;
				GCC_WARN_ABOUT_RETURN_TYPE = YES_ERROR;
				GCC_WARN_UNDECLARED_SELECTOR = YES;
				GCC_WARN_UNINITIALIZED_AUTOS = YES_AGGRESSIVE;
				GCC_WARN_UNUSED_FUNCTION = YES;
				GCC_WARN_UNUSED_VARIABLE = YES;
				MACOSX_DEPLOYMENT_TARGET = 10.9;
				METAL_ENABLE_DEBUG_INFO = NO;
				SDKROOT = macosx;
			};
			name = Release;
		};
		831351D319EBB4CE000D6FFC /* Debug */ = {
			isa = XCBuildConfiguration;
			buildSettings = {
				PRODUCT_NAME = "$(TARGET_NAME)";
			};
			name = Debug;
		};
		831351D419EBB4CE000D6FFC /* Release */ = {
			isa = XCBuildConfiguration;
			buildSettings = {
				PRODUCT_NAME = "$(TARGET_NAME)";
			};
			name = Release;
		};
/* End XCBuildConfiguration section */

/* Begin XCConfigurationList section */
		831351C619EBB4CE000D6FFC /* Build configuration list for PBXProject "35_Singleton" */ = {
			isa = XCConfigurationList;
			buildConfigurations = (
				831351D019EBB4CE000D6FFC /* Debug */,
				831351D119EBB4CE000D6FFC /* Release */,
			);
			defaultConfigurationIsVisible = 0;
			defaultConfigurationName = Release;
		};
		831351D219EBB4CE000D6FFC /* Build configuration list for PBXNativeTarget "35_Singleton" */ = {
			isa = XCConfigurationList;
			buildConfigurations = (
				831351D319EBB4CE000D6FFC /* Debug */,
				831351D419EBB4CE000D6FFC /* Release */,
			);
			defaultConfigurationIsVisible = 0;
		};
/* End XCConfigurationList section */
	};
	rootObject = 831351C319EBB4CE000D6FFC /* Project object */;
}
